// !$*UTF8*$!
{
	archiveVersion = 1;
	classes = {
	};
	objectVersion = 55;
	objects = {

/* Begin PBXBuildFile section */
		A81703AD2AE6F8C6006ED2C6 /* Honores_177315App.swift in Sources */ = {isa = PBXBuildFile; fileRef = A81703AC2AE6F8C6006ED2C6 /* Honores_177315App.swift */; };
		A81703AF2AE6F8C6006ED2C6 /* ContentView.swift in Sources */ = {isa = PBXBuildFile; fileRef = A81703AE2AE6F8C6006ED2C6 /* ContentView.swift */; };
		A81703B12AE6F8CC006ED2C6 /* Assets.xcassets in Resources */ = {isa = PBXBuildFile; fileRef = A81703B02AE6F8CC006ED2C6 /* Assets.xcassets */; };
		A81703B42AE6F8CC006ED2C6 /* Preview Assets.xcassets in Resources */ = {isa = PBXBuildFile; fileRef = A81703B32AE6F8CC006ED2C6 /* Preview Assets.xcassets */; };
		A81703BB2AE70250006ED2C6 /* Images.swift in Sources */ = {isa = PBXBuildFile; fileRef = A81703BA2AE70250006ED2C6 /* Images.swift */; };
		A81703BD2AE7089F006ED2C6 /* Footers.swift in Sources */ = {isa = PBXBuildFile; fileRef = A81703BC2AE7089F006ED2C6 /* Footers.swift */; };
		A81703BF2AE7132A006ED2C6 /* HearView.swift in Sources */ = {isa = PBXBuildFile; fileRef = A81703BE2AE7132A006ED2C6 /* HearView.swift */; };
		A81703C12AE713EE006ED2C6 /* HomeView.swift in Sources */ = {isa = PBXBuildFile; fileRef = A81703C02AE713EE006ED2C6 /* HomeView.swift */; };
		A81703C32AE718E2006ED2C6 /* HearContent.swift in Sources */ = {isa = PBXBuildFile; fileRef = A81703C22AE718E2006ED2C6 /* HearContent.swift */; };
		A81911722AF03A8B00F39504 /* SwiftUIView.swift in Sources */ = {isa = PBXBuildFile; fileRef = A81911712AF03A8B00F39504 /* SwiftUIView.swift */; };
		A8E24CDB2AF2B52100924407 /* Settings.swift in Sources */ = {isa = PBXBuildFile; fileRef = A8E24CDA2AF2B52100924407 /* Settings.swift */; };
		A8E24CDD2AF2BD5F00924407 /* ColorPalette.swift in Sources */ = {isa = PBXBuildFile; fileRef = A8E24CDC2AF2BD5F00924407 /* ColorPalette.swift */; };
/* End PBXBuildFile section */

/* Begin PBXFileReference section */
		A81703A92AE6F8C6006ED2C6 /* Honores_177315.app */ = {isa = PBXFileReference; explicitFileType = wrapper.application; includeInIndex = 0; path = Honores_177315.app; sourceTree = BUILT_PRODUCTS_DIR; };
		A81703AC2AE6F8C6006ED2C6 /* Honores_177315App.swift */ = {isa = PBXFileReference; lastKnownFileType = sourcecode.swift; path = Honores_177315App.swift; sourceTree = "<group>"; };
		A81703AE2AE6F8C6006ED2C6 /* ContentView.swift */ = {isa = PBXFileReference; lastKnownFileType = sourcecode.swift; path = ContentView.swift; sourceTree = "<group>"; };
		A81703B02AE6F8CC006ED2C6 /* Assets.xcassets */ = {isa = PBXFileReference; lastKnownFileType = folder.assetcatalog; path = Assets.xcassets; sourceTree = "<group>"; };
		A81703B32AE6F8CC006ED2C6 /* Preview Assets.xcassets */ = {isa = PBXFileReference; lastKnownFileType = folder.assetcatalog; path = "Preview Assets.xcassets"; sourceTree = "<group>"; };
		A81703BA2AE70250006ED2C6 /* Images.swift */ = {isa = PBXFileReference; lastKnownFileType = sourcecode.swift; path = Images.swift; sourceTree = "<group>"; };
		A81703BC2AE7089F006ED2C6 /* Footers.swift */ = {isa = PBXFileReference; lastKnownFileType = sourcecode.swift; path = Footers.swift; sourceTree = "<group>"; };
		A81703BE2AE7132A006ED2C6 /* HearView.swift */ = {isa = PBXFileReference; lastKnownFileType = sourcecode.swift; path = HearView.swift; sourceTree = "<group>"; };
		A81703C02AE713EE006ED2C6 /* HomeView.swift */ = {isa = PBXFileReference; lastKnownFileType = sourcecode.swift; path = HomeView.swift; sourceTree = "<group>"; };
		A81703C22AE718E2006ED2C6 /* HearContent.swift */ = {isa = PBXFileReference; lastKnownFileType = sourcecode.swift; path = HearContent.swift; sourceTree = "<group>"; };
		A81911712AF03A8B00F39504 /* SwiftUIView.swift */ = {isa = PBXFileReference; lastKnownFileType = sourcecode.swift; path = SwiftUIView.swift; sourceTree = "<group>"; };
		A8E24CDA2AF2B52100924407 /* Settings.swift */ = {isa = PBXFileReference; lastKnownFileType = sourcecode.swift; path = Settings.swift; sourceTree = "<group>"; };
		A8E24CDC2AF2BD5F00924407 /* ColorPalette.swift */ = {isa = PBXFileReference; lastKnownFileType = sourcecode.swift; path = ColorPalette.swift; sourceTree = "<group>"; };
/* End PBXFileReference section */

/* Begin PBXFrameworksBuildPhase section */
		A81703A62AE6F8C6006ED2C6 /* Frameworks */ = {
			isa = PBXFrameworksBuildPhase;
			buildActionMask = 2147483647;
			files = (
			);
			runOnlyForDeploymentPostprocessing = 0;
		};
/* End PBXFrameworksBuildPhase section */

/* Begin PBXGroup section */
		A81703A02AE6F8C6006ED2C6 = {
			isa = PBXGroup;
			children = (
				A81703AB2AE6F8C6006ED2C6 /* Honores_177315 */,
				A81703AA2AE6F8C6006ED2C6 /* Products */,
			);
			sourceTree = "<group>";
		};
		A81703AA2AE6F8C6006ED2C6 /* Products */ = {
			isa = PBXGroup;
			children = (
				A81703A92AE6F8C6006ED2C6 /* Honores_177315.app */,
			);
			name = Products;
			sourceTree = "<group>";
		};
		A81703AB2AE6F8C6006ED2C6 /* Honores_177315 */ = {
			isa = PBXGroup;
			children = (
				A81703AC2AE6F8C6006ED2C6 /* Honores_177315App.swift */,
				A81703AE2AE6F8C6006ED2C6 /* ContentView.swift */,
				A8E24CDC2AF2BD5F00924407 /* ColorPalette.swift */,
				A81703BE2AE7132A006ED2C6 /* HearView.swift */,
				A8E24CDA2AF2B52100924407 /* Settings.swift */,
				A81703C22AE718E2006ED2C6 /* HearContent.swift */,
				A81703BC2AE7089F006ED2C6 /* Footers.swift */,
				A81703B02AE6F8CC006ED2C6 /* Assets.xcassets */,
				A81911712AF03A8B00F39504 /* SwiftUIView.swift */,
				A81703BA2AE70250006ED2C6 /* Images.swift */,
				A81703C02AE713EE006ED2C6 /* HomeView.swift */,
				A81703B22AE6F8CC006ED2C6 /* Preview Content */,
			);
			path = Honores_177315;
			sourceTree = "<group>";
		};
		A81703B22AE6F8CC006ED2C6 /* Preview Content */ = {
			isa = PBXGroup;
			children = (
				A81703B32AE6F8CC006ED2C6 /* Preview Assets.xcassets */,
			);
			path = "Preview Content";
			sourceTree = "<group>";
		};
/* End PBXGroup section */

/* Begin PBXNativeTarget section */
		A81703A82AE6F8C6006ED2C6 /* Honores_177315 */ = {
			isa = PBXNativeTarget;
			buildConfigurationList = A81703B72AE6F8CC006ED2C6 /* Build configuration list for PBXNativeTarget "Honores_177315" */;
			buildPhases = (
				A81703A52AE6F8C6006ED2C6 /* Sources */,
				A81703A62AE6F8C6006ED2C6 /* Frameworks */,
				A81703A72AE6F8C6006ED2C6 /* Resources */,
			);
			buildRules = (
			);
			dependencies = (
			);
			name = Honores_177315;
			productName = Honores_177315;
			productReference = A81703A92AE6F8C6006ED2C6 /* Honores_177315.app */;
			productType = "com.apple.product-type.application";
		};
/* End PBXNativeTarget section */

/* Begin PBXProject section */
		A81703A12AE6F8C6006ED2C6 /* Project object */ = {
			isa = PBXProject;
			attributes = {
				BuildIndependentTargetsInParallel = 1;
				LastSwiftUpdateCheck = 1330;
				LastUpgradeCheck = 1330;
				TargetAttributes = {
					A81703A82AE6F8C6006ED2C6 = {
						CreatedOnToolsVersion = 13.3;
					};
				};
			};
			buildConfigurationList = A81703A42AE6F8C6006ED2C6 /* Build configuration list for PBXProject "Honores_177315" */;
			compatibilityVersion = "Xcode 13.0";
			developmentRegion = en;
			hasScannedForEncodings = 0;
			knownRegions = (
				en,
				Base,
			);
			mainGroup = A81703A02AE6F8C6006ED2C6;
			productRefGroup = A81703AA2AE6F8C6006ED2C6 /* Products */;
			projectDirPath = "";
			projectRoot = "";
			targets = (
				A81703A82AE6F8C6006ED2C6 /* Honores_177315 */,
			);
		};
/* End PBXProject section */

/* Begin PBXResourcesBuildPhase section */
		A81703A72AE6F8C6006ED2C6 /* Resources */ = {
			isa = PBXResourcesBuildPhase;
			buildActionMask = 2147483647;
			files = (
				A81703B42AE6F8CC006ED2C6 /* Preview Assets.xcassets in Resources */,
				A81703B12AE6F8CC006ED2C6 /* Assets.xcassets in Resources */,
			);
			runOnlyForDeploymentPostprocessing = 0;
		};
/* End PBXResourcesBuildPhase section */

/* Begin PBXSourcesBuildPhase section */
		A81703A52AE6F8C6006ED2C6 /* Sources */ = {
			isa = PBXSourcesBuildPhase;
			buildActionMask = 2147483647;
			files = (
				A81703AF2AE6F8C6006ED2C6 /* ContentView.swift in Sources */,
				A81703C32AE718E2006ED2C6 /* HearContent.swift in Sources */,
				A81911722AF03A8B00F39504 /* SwiftUIView.swift in Sources */,
				A81703AD2AE6F8C6006ED2C6 /* Honores_177315App.swift in Sources */,
				A81703BB2AE70250006ED2C6 /* Images.swift in Sources */,
				A8E24CDD2AF2BD5F00924407 /* ColorPalette.swift in Sources */,
				A81703C12AE713EE006ED2C6 /* HomeView.swift in Sources */,
				A8E24CDB2AF2B52100924407 /* Settings.swift in Sources */,
				A81703BF2AE7132A006ED2C6 /* HearView.swift in Sources */,
				A81703BD2AE7089F006ED2C6 /* Footers.swift in Sources */,
			);
			runOnlyForDeploymentPostprocessing = 0;
		};
/* End PBXSourcesBuildPhase section */

/* Begin XCBuildConfiguration section */
		A81703B52AE6F8CC006ED2C6 /* Debug */ = {
			isa = XCBuildConfiguration;
			buildSettings = {
				ALWAYS_SEARCH_USER_PATHS = NO;
				CLANG_ANALYZER_NONNULL = YES;
				CLANG_ANALYZER_NUMBER_OBJECT_CONVERSION = YES_AGGRESSIVE;
				CLANG_CXX_LANGUAGE_STANDARD = "gnu++17";
				CLANG_ENABLE_MODULES = YES;
				CLANG_ENABLE_OBJC_ARC = YES;
				CLANG_ENABLE_OBJC_WEAK = YES;
				CLANG_WARN_BLOCK_CAPTURE_AUTORELEASING = YES;
				CLANG_WARN_BOOL_CONVERSION = YES;
				CLANG_WARN_COMMA = YES;
				CLANG_WARN_CONSTANT_CONVERSION = YES;
				CLANG_WARN_DEPRECATED_OBJC_IMPLEMENTATIONS = YES;
				CLANG_WARN_DIRECT_OBJC_ISA_USAGE = YES_ERROR;
				CLANG_WARN_DOCUMENTATION_COMMENTS = YES;
				CLANG_WARN_EMPTY_BODY = YES;
				CLANG_WARN_ENUM_CONVERSION = YES;
				CLANG_WARN_INFINITE_RECURSION = YES;
				CLANG_WARN_INT_CONVERSION = YES;
				CLANG_WARN_NON_LITERAL_NULL_CONVERSION = YES;
				CLANG_WARN_OBJC_IMPLICIT_RETAIN_SELF = YES;
				CLANG_WARN_OBJC_LITERAL_CONVERSION = YES;
				CLANG_WARN_OBJC_ROOT_CLASS = YES_ERROR;
				CLANG_WARN_QUOTED_INCLUDE_IN_FRAMEWORK_HEADER = YES;
				CLANG_WARN_RANGE_LOOP_ANALYSIS = YES;
				CLANG_WARN_STRICT_PROTOTYPES = YES;
				CLANG_WARN_SUSPICIOUS_MOVE = YES;
				CLANG_WARN_UNGUARDED_AVAILABILITY = YES_AGGRESSIVE;
				CLANG_WARN_UNREACHABLE_CODE = YES;
				CLANG_WARN__DUPLICATE_METHOD_MATCH = YES;
				COPY_PHASE_STRIP = NO;
				DEBUG_INFORMATION_FORMAT = dwarf;
				ENABLE_STRICT_OBJC_MSGSEND = YES;
				ENABLE_TESTABILITY = YES;
				GCC_C_LANGUAGE_STANDARD = gnu11;
				GCC_DYNAMIC_NO_PIC = NO;
				GCC_NO_COMMON_BLOCKS = YES;
				GCC_OPTIMIZATION_LEVEL = 0;
				GCC_PREPROCESSOR_DEFINITIONS = (
					"DEBUG=1",
					"$(inherited)",
				);
				GCC_WARN_64_TO_32_BIT_CONVERSION = YES;
				GCC_WARN_ABOUT_RETURN_TYPE = YES_ERROR;
				GCC_WARN_UNDECLARED_SELECTOR = YES;
				GCC_WARN_UNINITIALIZED_AUTOS = YES_AGGRESSIVE;
				GCC_WARN_UNUSED_FUNCTION = YES;
				GCC_WARN_UNUSED_VARIABLE = YES;
				IPHONEOS_DEPLOYMENT_TARGET = 15.4;
				MTL_ENABLE_DEBUG_INFO = INCLUDE_SOURCE;
				MTL_FAST_MATH = YES;
				ONLY_ACTIVE_ARCH = YES;
				SDKROOT = iphoneos;
				SWIFT_ACTIVE_COMPILATION_CONDITIONS = DEBUG;
				SWIFT_OPTIMIZATION_LEVEL = "-Onone";
			};
			name = Debug;
		};
		A81703B62AE6F8CC006ED2C6 /* Release */ = {
			isa = XCBuildConfiguration;
			buildSettings = {
				ALWAYS_SEARCH_USER_PATHS = NO;
				CLANG_ANALYZER_NONNULL = YES;
				CLANG_ANALYZER_NUMBER_OBJECT_CONVERSION = YES_AGGRESSIVE;
				CLANG_CXX_LANGUAGE_STANDARD = "gnu++17";
				CLANG_ENABLE_MODULES = YES;
				CLANG_ENABLE_OBJC_ARC = YES;
				CLANG_ENABLE_OBJC_WEAK = YES;
				CLANG_WARN_BLOCK_CAPTURE_AUTORELEASING = YES;
				CLANG_WARN_BOOL_CONVERSION = YES;
				CLANG_WARN_COMMA = YES;
				CLANG_WARN_CONSTANT_CONVERSION = YES;
				CLANG_WARN_DEPRECATED_OBJC_IMPLEMENTATIONS = YES;
				CLANG_WARN_DIRECT_OBJC_ISA_USAGE = YES_ERROR;
				CLANG_WARN_DOCUMENTATION_COMMENTS = YES;
				CLANG_WARN_EMPTY_BODY = YES;
				CLANG_WARN_ENUM_CONVERSION = YES;
				CLANG_WARN_INFINITE_RECURSION = YES;
				CLANG_WARN_INT_CONVERSION = YES;
				CLANG_WARN_NON_LITERAL_NULL_CONVERSION = YES;
				CLANG_WARN_OBJC_IMPLICIT_RETAIN_SELF = YES;
				CLANG_WARN_OBJC_LITERAL_CONVERSION = YES;
				CLANG_WARN_OBJC_ROOT_CLASS = YES_ERROR;
				CLANG_WARN_QUOTED_INCLUDE_IN_FRAMEWORK_HEADER = YES;
				CLANG_WARN_RANGE_LOOP_ANALYSIS = YES;
				CLANG_WARN_STRICT_PROTOTYPES = YES;
				CLANG_WARN_SUSPICIOUS_MOVE = YES;
				CLANG_WARN_UNGUARDED_AVAILABILITY = YES_AGGRESSIVE;
				CLANG_WARN_UNREACHABLE_CODE = YES;
				CLANG_WARN__DUPLICATE_METHOD_MATCH = YES;
				COPY_PHASE_STRIP = NO;
				DEBUG_INFORMATION_FORMAT = "dwarf-with-dsym";
				ENABLE_NS_ASSERTIONS = NO;
				ENABLE_STRICT_OBJC_MSGSEND = YES;
				GCC_C_LANGUAGE_STANDARD = gnu11;
				GCC_NO_COMMON_BLOCKS = YES;
				GCC_WARN_64_TO_32_BIT_CONVERSION = YES;
				GCC_WARN_ABOUT_RETURN_TYPE = YES_ERROR;
				GCC_WARN_UNDECLARED_SELECTOR = YES;
				GCC_WARN_UNINITIALIZED_AUTOS = YES_AGGRESSIVE;
				GCC_WARN_UNUSED_FUNCTION = YES;
				GCC_WARN_UNUSED_VARIABLE = YES;
				IPHONEOS_DEPLOYMENT_TARGET = 15.4;
				MTL_ENABLE_DEBUG_INFO = NO;
				MTL_FAST_MATH = YES;
				SDKROOT = iphoneos;
				SWIFT_COMPILATION_MODE = wholemodule;
				SWIFT_OPTIMIZATION_LEVEL = "-O";
				VALIDATE_PRODUCT = YES;
			};
			name = Release;
		};
		A81703B82AE6F8CC006ED2C6 /* Debug */ = {
			isa = XCBuildConfiguration;
			buildSettings = {
				ASSETCATALOG_COMPILER_APPICON_NAME = AppIcon;
				ASSETCATALOG_COMPILER_GLOBAL_ACCENT_COLOR_NAME = AccentColor;
				CODE_SIGN_STYLE = Automatic;
				CURRENT_PROJECT_VERSION = 1;
				DEVELOPMENT_ASSET_PATHS = "\"Honores_177315/Preview Content\"";
				ENABLE_PREVIEWS = YES;
				GENERATE_INFOPLIST_FILE = YES;
				INFOPLIST_KEY_UIApplicationSceneManifest_Generation = YES;
				INFOPLIST_KEY_UIApplicationSupportsIndirectInputEvents = YES;
				INFOPLIST_KEY_UILaunchScreen_Generation = YES;
				INFOPLIST_KEY_UISupportedInterfaceOrientations_iPad = "UIInterfaceOrientationPortrait UIInterfaceOrientationPortraitUpsideDown UIInterfaceOrientationLandscapeLeft UIInterfaceOrientationLandscapeRight";
				INFOPLIST_KEY_UISupportedInterfaceOrientations_iPhone = "UIInterfaceOrientationPortrait UIInterfaceOrientationLandscapeLeft UIInterfaceOrientationLandscapeRight";
				IPHONEOS_DEPLOYMENT_TARGET = 15.4;
				LD_RUNPATH_SEARCH_PATHS = (
					"$(inherited)",
					"@executable_path/Frameworks",
				);
				MARKETING_VERSION = 1.0;
				PRODUCT_BUNDLE_IDENTIFIER = "-.Honores-177315";
				PRODUCT_NAME = "$(TARGET_NAME)";
				SWIFT_EMIT_LOC_STRINGS = YES;
				SWIFT_VERSION = 5.0;
				TARGETED_DEVICE_FAMILY = "1,2";
			};
			name = Debug;
		};
		A81703B92AE6F8CC006ED2C6 /* Release */ = {
			isa = XCBuildConfiguration;
			buildSettings = {
				ASSETCATALOG_COMPILER_APPICON_NAME = AppIcon;
				ASSETCATALOG_COMPILER_GLOBAL_ACCENT_COLOR_NAME = AccentColor;
				CODE_SIGN_STYLE = Automatic;
				CURRENT_PROJECT_VERSION = 1;
				DEVELOPMENT_ASSET_PATHS = "\"Honores_177315/Preview Content\"";
				ENABLE_PREVIEWS = YES;
				GENERATE_INFOPLIST_FILE = YES;
				INFOPLIST_KEY_UIApplicationSceneManifest_Generation = YES;
				INFOPLIST_KEY_UIApplicationSupportsIndirectInputEvents = YES;
				INFOPLIST_KEY_UILaunchScreen_Generation = YES;
				INFOPLIST_KEY_UISupportedInterfaceOrientations_iPad = "UIInterfaceOrientationPortrait UIInterfaceOrientationPortraitUpsideDown UIInterfaceOrientationLandscapeLeft UIInterfaceOrientationLandscapeRight";
				INFOPLIST_KEY_UISupportedInterfaceOrientations_iPhone = "UIInterfaceOrientationPortrait UIInterfaceOrientationLandscapeLeft UIInterfaceOrientationLandscapeRight";
				IPHONEOS_DEPLOYMENT_TARGET = 15.4;
				LD_RUNPATH_SEARCH_PATHS = (
					"$(inherited)",
					"@executable_path/Frameworks",
				);
				MARKETING_VERSION = 1.0;
				PRODUCT_BUNDLE_IDENTIFIER = "-.Honores-177315";
				PRODUCT_NAME = "$(TARGET_NAME)";
				SWIFT_EMIT_LOC_STRINGS = YES;
				SWIFT_VERSION = 5.0;
				TARGETED_DEVICE_FAMILY = "1,2";
			};
			name = Release;
		};
/* End XCBuildConfiguration section */

/* Begin XCConfigurationList section */
		A81703A42AE6F8C6006ED2C6 /* Build configuration list for PBXProject "Honores_177315" */ = {
			isa = XCConfigurationList;
			buildConfigurations = (
				A81703B52AE6F8CC006ED2C6 /* Debug */,
				A81703B62AE6F8CC006ED2C6 /* Release */,
			);
			defaultConfigurationIsVisible = 0;
			defaultConfigurationName = Release;
		};
		A81703B72AE6F8CC006ED2C6 /* Build configuration list for PBXNativeTarget "Honores_177315" */ = {
			isa = XCConfigurationList;
			buildConfigurations = (
				A81703B82AE6F8CC006ED2C6 /* Debug */,
				A81703B92AE6F8CC006ED2C6 /* Release */,
			);
			defaultConfigurationIsVisible = 0;
			defaultConfigurationName = Release;
		};
/* End XCConfigurationList section */
	};
	rootObject = A81703A12AE6F8C6006ED2C6 /* Project object */;
}
